
Microsoft Visual Studio Solution File, Format Version 12.00
# Visual Studio Version 16
VisualStudioVersion = 16.0.28803.202
MinimumVisualStudioVersion = 10.0.40219.1
Project("{FAE04EC0-301F-11D3-BF4B-00C04F79EFBC}") = "WebToanHoc", "WebToanHoc\WebToanHoc.csproj", "{B9E28C69-19C7-4359-B919-A21F4EB99E54}"
EndProject
Global
	GlobalSection(SolutionConfigurationPlatforms) = preSolution
		Debug|Any CPU = Debug|Any CPU
		Release|Any CPU = Release|Any CPU
	EndGlobalSection
	GlobalSection(ProjectConfigurationPlatforms) = postSolution
		{B9E28C69-19C7-4359-B919-A21F4EB99E54}.Debug|Any CPU.ActiveCfg = Debug|Any CPU
		{B9E28C69-19C7-4359-B919-A21F4EB99E54}.Debug|Any CPU.Build.0 = Debug|Any CPU
		{B9E28C69-19C7-4359-B919-A21F4EB99E54}.Release|Any CPU.ActiveCfg = Release|Any CPU
		{B9E28C69-19C7-4359-B919-A21F4EB99E54}.Release|Any CPU.Build.0 = Release|Any CPU
	EndGlobalSection
	GlobalSection(SolutionProperties) = preSolution
		HideSolutionNode = FALSE
	EndGlobalSection
	GlobalSection(ExtensibilityGlobals) = postSolution
		SolutionGuid = {F3CF8199-0469-4435-8D44-81F16E392261}
	EndGlobalSection
EndGlobal
